
Microsoft Visual Studio Solution File, Format Version 11.00
# Visual C++ Express 2010
Project("{8BC9CEB8-8B4A-11D0-8D11-00A0C91BC942}") = "BasicParallelLoops", "Chapter2\BasicParallelLoops\BasicParallelLoops.vcxproj", "{92FCFD15-6BC9-47ED-A461-D89B4111A90F}"
EndProject
Project("{8BC9CEB8-8B4A-11D0-8D11-00A0C91BC942}") = "CreditReview", "Chapter2\CreditReview\CreditReview.vcxproj", "{15425260-32DA-43FD-B885-B933592D88EF}"
EndProject
Project("{8BC9CEB8-8B4A-11D0-8D11-00A0C91BC942}") = "ImagePipeline", "Chapter7\ImagePipeline\ImagePipeline.vcxproj", "{E41D2707-477A-4A1F-8D3E-65513F8B152E}"
EndProject
Project("{8BC9CEB8-8B4A-11D0-8D11-00A0C91BC942}") = "BasicPipeline", "Chapter7\BasicPipeline\BasicPipeline.vcxproj", "{867D056E-4B02-4340-96D2-ED37F2425866}"
EndProject
Project("{8BC9CEB8-8B4A-11D0-8D11-00A0C91BC942}") = "BasicParallelTasks", "Chapter3\BasicTaskSamples\BasicTaskSamples.vcxproj", "{E1673113-90A5-45FC-824B-353BC32B1EF3}"
EndProject
Project("{8BC9CEB8-8B4A-11D0-8D11-00A0C91BC942}") = "ImageBlender", "Chapter3\ImageBlender\ImageBlender.vcxproj", "{528A198C-AFDC-43EA-908B-85FE5C9B725E}"
EndProject
Project("{8BC9CEB8-8B4A-11D0-8D11-00A0C91BC942}") = "SocialNetwork", "Chapter4\SocialNetwork\SocialNetwork.vcxproj", "{6BB39CA5-DEFC-4387-9402-322AE5D9B15A}"
EndProject
Project("{8BC9CEB8-8B4A-11D0-8D11-00A0C91BC942}") = "BasicAggregation", "Chapter4\BasicAggregation\BasicAggregation.vcxproj", "{1BB1A6CA-B76C-464C-99CC-BA6B17AFD042}"
EndProject
Project("{8BC9CEB8-8B4A-11D0-8D11-00A0C91BC942}") = "BasicDynamicTasks", "Chapter6\BasicDynamicTaskExamples\BasicDynamicTasks.vcxproj", "{AE59189A-5F11-4A00-AEC5-68DB09C2427D}"
EndProject
Project("{8BC9CEB8-8B4A-11D0-8D11-00A0C91BC942}") = "ParallelSort", "Chapter6\ParallelSort\ParallelSort.vcxproj", "{4135EB8B-8694-4D5E-8E58-16991722A58F}"
EndProject
Project("{8BC9CEB8-8B4A-11D0-8D11-00A0C91BC942}") = "ProfilerExamples", "AppendixB\ProfilerExamples\ProfilerExamples.vcxproj", "{CB596C7C-5946-4167-B858-97BC9023FCAB}"
EndProject
Project("{8BC9CEB8-8B4A-11D0-8D11-00A0C91BC942}") = "ADash", "Chapter5\a-Dash\ADash.vcxproj", "{F8C1C5FA-65A0-4608-843B-0A8DDED7A9D3}"
EndProject
Project("{8BC9CEB8-8B4A-11D0-8D11-00A0C91BC942}") = "BasicFutures", "Chapter5\BasicFutures\BasicFutures.vcxproj", "{D841F511-38C6-4F4E-89AA-9BC1DD08427D}"
EndProject
Project("{8BC9CEB8-8B4A-11D0-8D11-00A0C91BC942}") = "SchedulerExamples", "AppendixA\SchedulerExamples\SchedulerExamples.vcxproj", "{E9CB1469-6FA5-4D08-9DBB-7740B8F7660C}"
EndProject
Project("{8BC9CEB8-8B4A-11D0-8D11-00A0C91BC942}") = "Utilities", "Utilities\Utilities.vcxproj", "{12517A28-68B1-46EC-9B19-D67BAF095F22}"
EndProject
Global
	GlobalSection(SolutionConfigurationPlatforms) = preSolution
		Debug|Win32 = Debug|Win32
		Release|Win32 = Release|Win32
	EndGlobalSection
	GlobalSection(ProjectConfigurationPlatforms) = postSolution
		{92FCFD15-6BC9-47ED-A461-D89B4111A90F}.Debug|Win32.ActiveCfg = Debug|Win32
		{92FCFD15-6BC9-47ED-A461-D89B4111A90F}.Debug|Win32.Build.0 = Debug|Win32
		{92FCFD15-6BC9-47ED-A461-D89B4111A90F}.Debug|Win32.Deploy.0 = Debug|Win32
		{92FCFD15-6BC9-47ED-A461-D89B4111A90F}.Release|Win32.ActiveCfg = Release|Win32
		{92FCFD15-6BC9-47ED-A461-D89B4111A90F}.Release|Win32.Build.0 = Release|Win32
		{92FCFD15-6BC9-47ED-A461-D89B4111A90F}.Release|Win32.Deploy.0 = Release|Win32
		{15425260-32DA-43FD-B885-B933592D88EF}.Debug|Win32.ActiveCfg = Debug|Win32
		{15425260-32DA-43FD-B885-B933592D88EF}.Debug|Win32.Build.0 = Debug|Win32
		{15425260-32DA-43FD-B885-B933592D88EF}.Debug|Win32.Deploy.0 = Debug|Win32
		{15425260-32DA-43FD-B885-B933592D88EF}.Release|Win32.ActiveCfg = Release|Win32
		{15425260-32DA-43FD-B885-B933592D88EF}.Release|Win32.Build.0 = Release|Win32
		{15425260-32DA-43FD-B885-B933592D88EF}.Release|Win32.Deploy.0 = Release|Win32
		{E41D2707-477A-4A1F-8D3E-65513F8B152E}.Debug|Win32.ActiveCfg = Debug|Win32
		{E41D2707-477A-4A1F-8D3E-65513F8B152E}.Debug|Win32.Build.0 = Debug|Win32
		{E41D2707-477A-4A1F-8D3E-65513F8B152E}.Release|Win32.ActiveCfg = Release|Win32
		{E41D2707-477A-4A1F-8D3E-65513F8B152E}.Release|Win32.Build.0 = Release|Win32
		{867D056E-4B02-4340-96D2-ED37F2425866}.Debug|Win32.ActiveCfg = Debug|Win32
		{867D056E-4B02-4340-96D2-ED37F2425866}.Debug|Win32.Build.0 = Debug|Win32
		{867D056E-4B02-4340-96D2-ED37F2425866}.Release|Win32.ActiveCfg = Release|Win32
		{867D056E-4B02-4340-96D2-ED37F2425866}.Release|Win32.Build.0 = Release|Win32
		{E1673113-90A5-45FC-824B-353BC32B1EF3}.Debug|Win32.ActiveCfg = Debug|Win32
		{E1673113-90A5-45FC-824B-353BC32B1EF3}.Debug|Win32.Build.0 = Debug|Win32
		{E1673113-90A5-45FC-824B-353BC32B1EF3}.Release|Win32.ActiveCfg = Release|Win32
		{E1673113-90A5-45FC-824B-353BC32B1EF3}.Release|Win32.Build.0 = Release|Win32
		{528A198C-AFDC-43EA-908B-85FE5C9B725E}.Debug|Win32.ActiveCfg = Debug|Win32
		{528A198C-AFDC-43EA-908B-85FE5C9B725E}.Debug|Win32.Build.0 = Debug|Win32
		{528A198C-AFDC-43EA-908B-85FE5C9B725E}.Release|Win32.ActiveCfg = Release|Win32
		{528A198C-AFDC-43EA-908B-85FE5C9B725E}.Release|Win32.Build.0 = Release|Win32
		{6BB39CA5-DEFC-4387-9402-322AE5D9B15A}.Debug|Win32.ActiveCfg = Debug|Win32
		{6BB39CA5-DEFC-4387-9402-322AE5D9B15A}.Debug|Win32.Build.0 = Debug|Win32
		{6BB39CA5-DEFC-4387-9402-322AE5D9B15A}.Release|Win32.ActiveCfg = Release|Win32
		{6BB39CA5-DEFC-4387-9402-322AE5D9B15A}.Release|Win32.Build.0 = Release|Win32
		{1BB1A6CA-B76C-464C-99CC-BA6B17AFD042}.Debug|Win32.ActiveCfg = Debug|Win32
		{1BB1A6CA-B76C-464C-99CC-BA6B17AFD042}.Debug|Win32.Build.0 = Debug|Win32
		{1BB1A6CA-B76C-464C-99CC-BA6B17AFD042}.Release|Win32.ActiveCfg = Release|Win32
		{1BB1A6CA-B76C-464C-99CC-BA6B17AFD042}.Release|Win32.Build.0 = Release|Win32
		{AE59189A-5F11-4A00-AEC5-68DB09C2427D}.Debug|Win32.ActiveCfg = Debug|Win32
		{AE59189A-5F11-4A00-AEC5-68DB09C2427D}.Debug|Win32.Build.0 = Debug|Win32
		{AE59189A-5F11-4A00-AEC5-68DB09C2427D}.Release|Win32.ActiveCfg = Release|Win32
		{AE59189A-5F11-4A00-AEC5-68DB09C2427D}.Release|Win32.Build.0 = Release|Win32
		{4135EB8B-8694-4D5E-8E58-16991722A58F}.Debug|Win32.ActiveCfg = Debug|Win32
		{4135EB8B-8694-4D5E-8E58-16991722A58F}.Debug|Win32.Build.0 = Debug|Win32
		{4135EB8B-8694-4D5E-8E58-16991722A58F}.Release|Win32.ActiveCfg = Release|Win32
		{4135EB8B-8694-4D5E-8E58-16991722A58F}.Release|Win32.Build.0 = Release|Win32
		{CB596C7C-5946-4167-B858-97BC9023FCAB}.Debug|Win32.ActiveCfg = Debug|Win32
		{CB596C7C-5946-4167-B858-97BC9023FCAB}.Debug|Win32.Build.0 = Debug|Win32
		{CB596C7C-5946-4167-B858-97BC9023FCAB}.Release|Win32.ActiveCfg = Release|Win32
		{CB596C7C-5946-4167-B858-97BC9023FCAB}.Release|Win32.Build.0 = Release|Win32
		{F8C1C5FA-65A0-4608-843B-0A8DDED7A9D3}.Debug|Win32.ActiveCfg = Debug|Win32
		{F8C1C5FA-65A0-4608-843B-0A8DDED7A9D3}.Debug|Win32.Build.0 = Debug|Win32
		{F8C1C5FA-65A0-4608-843B-0A8DDED7A9D3}.Release|Win32.ActiveCfg = Release|Win32
		{F8C1C5FA-65A0-4608-843B-0A8DDED7A9D3}.Release|Win32.Build.0 = Release|Win32
		{D841F511-38C6-4F4E-89AA-9BC1DD08427D}.Debug|Win32.ActiveCfg = Debug|Win32
		{D841F511-38C6-4F4E-89AA-9BC1DD08427D}.Debug|Win32.Build.0 = Debug|Win32
		{D841F511-38C6-4F4E-89AA-9BC1DD08427D}.Release|Win32.ActiveCfg = Release|Win32
		{D841F511-38C6-4F4E-89AA-9BC1DD08427D}.Release|Win32.Build.0 = Release|Win32
		{E9CB1469-6FA5-4D08-9DBB-7740B8F7660C}.Debug|Win32.ActiveCfg = Debug|Win32
		{E9CB1469-6FA5-4D08-9DBB-7740B8F7660C}.Debug|Win32.Build.0 = Debug|Win32
		{E9CB1469-6FA5-4D08-9DBB-7740B8F7660C}.Release|Win32.ActiveCfg = Release|Win32
		{E9CB1469-6FA5-4D08-9DBB-7740B8F7660C}.Release|Win32.Build.0 = Release|Win32
		{12517A28-68B1-46EC-9B19-D67BAF095F22}.Debug|Win32.ActiveCfg = Debug|Win32
		{12517A28-68B1-46EC-9B19-D67BAF095F22}.Debug|Win32.Build.0 = Debug|Win32
		{12517A28-68B1-46EC-9B19-D67BAF095F22}.Release|Win32.ActiveCfg = Release|Win32
		{12517A28-68B1-46EC-9B19-D67BAF095F22}.Release|Win32.Build.0 = Release|Win32
	EndGlobalSection
	GlobalSection(SolutionProperties) = preSolution
		HideSolutionNode = FALSE
	EndGlobalSection
	GlobalSection(NestedProjects) = preSolution
		{92FCFD15-6BC9-47ED-A461-D89B4111A90F} = {E1B1B70B-7FA1-4E23-A04D-9F5C129560B6}
		{15425260-32DA-43FD-B885-B933592D88EF} = {E1B1B70B-7FA1-4E23-A04D-9F5C129560B6}
		{E41D2707-477A-4A1F-8D3E-65513F8B152E} = {19FCD86B-CFFB-4ACC-9A6E-02CBD0790A69}
		{867D056E-4B02-4340-96D2-ED37F2425866} = {19FCD86B-CFFB-4ACC-9A6E-02CBD0790A69}
		{E1673113-90A5-45FC-824B-353BC32B1EF3} = {1C9483A2-28AF-4A53-B199-853BB2790A05}
		{528A198C-AFDC-43EA-908B-85FE5C9B725E} = {1C9483A2-28AF-4A53-B199-853BB2790A05}
		{6BB39CA5-DEFC-4387-9402-322AE5D9B15A} = {B2FE62DF-3840-40C1-B7E9-BFFBA0B22ED5}
		{1BB1A6CA-B76C-464C-99CC-BA6B17AFD042} = {B2FE62DF-3840-40C1-B7E9-BFFBA0B22ED5}
		{AE59189A-5F11-4A00-AEC5-68DB09C2427D} = {4760D7CC-13E7-4904-850C-348FBC87E0A9}
		{4135EB8B-8694-4D5E-8E58-16991722A58F} = {4760D7CC-13E7-4904-850C-348FBC87E0A9}
		{CB596C7C-5946-4167-B858-97BC9023FCAB} = {8B7B9083-4BB4-4F48-956B-88BD0DB2DC82}
		{F8C1C5FA-65A0-4608-843B-0A8DDED7A9D3} = {E5F8373E-A5E6-4B3D-9E07-7A65F292EB0B}
		{D841F511-38C6-4F4E-89AA-9BC1DD08427D} = {E5F8373E-A5E6-4B3D-9E07-7A65F292EB0B}
		{E9CB1469-6FA5-4D08-9DBB-7740B8F7660C} = {12078E18-3C8A-4432-9DEC-190C50B0298F}
	EndGlobalSection
EndGlobal
