<?xml version="1.0" encoding="utf-8"?>
<Project ToolsVersion="4.0" xmlns="http://schemas.microsoft.com/developer/msbuild/2003">
  <ItemGroup>
    <Filter Include="Header Files">
      <UniqueIdentifier>{93995380-89BD-4b04-88EB-625FBE52EBFB}</UniqueIdentifier>
      <Extensions>h;hpp;hxx;hm;inl;inc;xsd</Extensions>
    </Filter>
  </ItemGroup>
  <ItemGroup>
    <ClInclude Include="BitmapUtilities.h">
      <Filter>Header Files</Filter>
    </ClInclude>
    <ClInclude Include="concrt_extras.h">
      <Filter>Header Files</Filter>
    </ClInclude>
    <ClInclude Include="FuturesExample.h">
      <Filter>Header Files</Filter>
    </ClInclude>
    <ClInclude Include="GdiContainer.h">
      <Filter>Header Files</Filter>
    </ClInclude>
    <ClInclude Include="PipelineGovernor.h">
      <Filter>Header Files</Filter>
    </ClInclude>
    <ClInclude Include="ppl_extras.h">
      <Filter>Header Files</Filter>
    </ClInclude>
    <ClInclude Include="SampleUtilities.h">
      <Filter>Header Files</Filter>
    </ClInclude>
  </ItemGroup>
</Project>